
Microsoft Visual Studio Solution File, Format Version 12.00
# Visual Studio Version 17
VisualStudioVersion = 17.5.33516.290
MinimumVisualStudioVersion = 10.0.40219.1
Project("{FAE04EC0-301F-11D3-BF4B-00C04F79EFBC}") = "2", "2.csproj", "{BA922F3A-889D-4C86-90C9-4FEAB1E5FEC3}"
EndProject
Global
	GlobalSection(SolutionConfigurationPlatforms) = preSolution
		Debug|Any CPU = Debug|Any CPU
		Release|Any CPU = Release|Any CPU
	EndGlobalSection
	GlobalSection(ProjectConfigurationPlatforms) = postSolution
		{BA922F3A-889D-4C86-90C9-4FEAB1E5FEC3}.Debug|Any CPU.ActiveCfg = Debug|Any CPU
		{BA922F3A-889D-4C86-90C9-4FEAB1E5FEC3}.Debug|Any CPU.Build.0 = Debug|Any CPU
		{BA922F3A-889D-4C86-90C9-4FEAB1E5FEC3}.Release|Any CPU.ActiveCfg = Release|Any CPU
		{BA922F3A-889D-4C86-90C9-4FEAB1E5FEC3}.Release|Any CPU.Build.0 = Release|Any CPU
	EndGlobalSection
	GlobalSection(SolutionProperties) = preSolution
		HideSolutionNode = FALSE
	EndGlobalSection
	GlobalSection(ExtensibilityGlobals) = postSolution
		SolutionGuid = {C8D2E2C5-4182-4E61-BE57-ACF5B39DBA90}
	EndGlobalSection
EndGlobal
